# THIS IS AN AUTOGENERATED FILE. DO NOT EDIT THIS FILE DIRECTLY.
# yarn lockfile v1


nsw-design-system@^2.3.0:
  version "2.3.0"
  resolved "https://registry.yarnpkg.com/nsw-design-system/-/nsw-design-system-2.3.0.tgz#c5219c01f81325292181a1868e9cd0afe97d78ab"
  integrity sha512-cFjkym+2WDqYSuQpOYLqbS9ImZBJ3c+tnoDz7ehlU5zu02irEotK7F4ZXBefoUO+yaDmPDtF21F7T+th2s8rHw==
